
Microsoft Visual Studio Solution File, Format Version 12.00
# Visual Studio Express 2013 for Web
VisualStudioVersion = 12.0.21005.1
MinimumVisualStudioVersion = 10.0.40219.1
Project("{FAE04EC0-301F-11D3-BF4B-00C04F79EFBC}") = "News", "News\News.csproj", "{1CB368A3-D80C-469F-8EFC-8BAC26712DA0}"
EndProject
Project("{FAE04EC0-301F-11D3-BF4B-00C04F79EFBC}") = "News.DAL", "News.DAL\News.DAL.csproj", "{A03E0ABE-44EA-489A-820D-E7EA3CE09D03}"
EndProject
Project("{FAE04EC0-301F-11D3-BF4B-00C04F79EFBC}") = "news.tests", "news.tests\news.tests.csproj", "{478EABAA-50B1-4ED1-9D45-483D29DEA249}"
EndProject
Global
	GlobalSection(SolutionConfigurationPlatforms) = preSolution
		Debug|Any CPU = Debug|Any CPU
		Release|Any CPU = Release|Any CPU
	EndGlobalSection
	GlobalSection(ProjectConfigurationPlatforms) = postSolution
		{1CB368A3-D80C-469F-8EFC-8BAC26712DA0}.Debug|Any CPU.ActiveCfg = Debug|Any CPU
		{1CB368A3-D80C-469F-8EFC-8BAC26712DA0}.Debug|Any CPU.Build.0 = Debug|Any CPU
		{1CB368A3-D80C-469F-8EFC-8BAC26712DA0}.Release|Any CPU.ActiveCfg = Release|Any CPU
		{1CB368A3-D80C-469F-8EFC-8BAC26712DA0}.Release|Any CPU.Build.0 = Release|Any CPU
		{A03E0ABE-44EA-489A-820D-E7EA3CE09D03}.Debug|Any CPU.ActiveCfg = Debug|Any CPU
		{A03E0ABE-44EA-489A-820D-E7EA3CE09D03}.Debug|Any CPU.Build.0 = Debug|Any CPU
		{A03E0ABE-44EA-489A-820D-E7EA3CE09D03}.Release|Any CPU.ActiveCfg = Release|Any CPU
		{A03E0ABE-44EA-489A-820D-E7EA3CE09D03}.Release|Any CPU.Build.0 = Release|Any CPU
		{478EABAA-50B1-4ED1-9D45-483D29DEA249}.Debug|Any CPU.ActiveCfg = Debug|Any CPU
		{478EABAA-50B1-4ED1-9D45-483D29DEA249}.Debug|Any CPU.Build.0 = Debug|Any CPU
		{478EABAA-50B1-4ED1-9D45-483D29DEA249}.Release|Any CPU.ActiveCfg = Release|Any CPU
		{478EABAA-50B1-4ED1-9D45-483D29DEA249}.Release|Any CPU.Build.0 = Release|Any CPU
	EndGlobalSection
	GlobalSection(SolutionProperties) = preSolution
		HideSolutionNode = FALSE
	EndGlobalSection
EndGlobal
